
Microsoft Visual Studio Solution File, Format Version 12.00
# Visual Studio Version 17
VisualStudioVersion = 17.0.31903.59
MinimumVisualStudioVersion = 10.0.40219.1
Project("{2150E333-8FDC-42A3-9474-1A3956D46DE8}") = "src", "src", "{827E0CD3-B72D-47B6-A68D-7590B98EB39B}"
EndProject
Project("{FAE04EC0-301F-11D3-BF4B-00C04F79EFBC}") = "InvoiceFlow.Api", "src\InvoiceFlow.Api\InvoiceFlow.Api.csproj", "{0F342C3B-AA97-43DA-A9DB-763B8440CD45}"
EndProject
Project("{FAE04EC0-301F-11D3-BF4B-00C04F79EFBC}") = "InvoiceFlow.Application", "src\InvoiceFlow.Application\InvoiceFlow.Application.csproj", "{FF5C8AFC-05F7-400F-AEB9-321EE6D5FD29}"
EndProject
Project("{FAE04EC0-301F-11D3-BF4B-00C04F79EFBC}") = "InvoiceFlow.Domain", "src\InvoiceFlow.Domain\InvoiceFlow.Domain.csproj", "{BD5CF8AB-D336-4755-AD0B-55C77506ED8E}"
EndProject
Project("{FAE04EC0-301F-11D3-BF4B-00C04F79EFBC}") = "InvoiceFlow.Infrastructure", "src\InvoiceFlow.Infrastructure\InvoiceFlow.Infrastructure.csproj", "{876305AD-D38E-4336-9E33-699902961D09}"
EndProject
Project("{FAE04EC0-301F-11D3-BF4B-00C04F79EFBC}") = "InvoiceFlow.Pdf", "src\InvoiceFlow.Pdf\InvoiceFlow.Pdf.csproj", "{9E472A46-D7A7-43A9-97F8-F9B3583A3005}"
EndProject
Project("{FAE04EC0-301F-11D3-BF4B-00C04F79EFBC}") = "InvoiceFlow.Web", "src\InvoiceFlow.Web\InvoiceFlow.Web.csproj", "{C795255F-1B0D-482C-84CF-246862F3DF28}"
EndProject
Project("{2150E333-8FDC-42A3-9474-1A3956D46DE8}") = "tests", "tests", "{0AB3BF05-4346-4AA6-1389-037BE0695223}"
EndProject
Project("{FAE04EC0-301F-11D3-BF4B-00C04F79EFBC}") = "InvoiceFlow.UnitTests", "tests\InvoiceFlow.UnitTests\InvoiceFlow.UnitTests.csproj", "{E9C150E4-6557-46DE-9619-3B373D0975D4}"
EndProject
Project("{FAE04EC0-301F-11D3-BF4B-00C04F79EFBC}") = "InvoiceFlow.ApiTests", "tests\InvoiceFlow.ApiTests\InvoiceFlow.ApiTests.csproj", "{8BBE0B61-9DE9-4B37-99BA-C6753CDA9F57}"
EndProject
Project("{FAE04EC0-301F-11D3-BF4B-00C04F79EFBC}") = "InvoiceFlow.Mvc", "src\InvoiceFlow.Mvc\InvoiceFlow.Mvc.csproj", "{3AA16E9E-7AAC-433D-9E2C-688DBCADCA17}"
EndProject
Global
	GlobalSection(SolutionConfigurationPlatforms) = preSolution
		Debug|Any CPU = Debug|Any CPU
		Debug|x64 = Debug|x64
		Debug|x86 = Debug|x86
		Release|Any CPU = Release|Any CPU
		Release|x64 = Release|x64
		Release|x86 = Release|x86
	EndGlobalSection
	GlobalSection(ProjectConfigurationPlatforms) = postSolution
		{0F342C3B-AA97-43DA-A9DB-763B8440CD45}.Debug|Any CPU.ActiveCfg = Debug|Any CPU
		{0F342C3B-AA97-43DA-A9DB-763B8440CD45}.Debug|Any CPU.Build.0 = Debug|Any CPU
		{0F342C3B-AA97-43DA-A9DB-763B8440CD45}.Debug|x64.ActiveCfg = Debug|Any CPU
		{0F342C3B-AA97-43DA-A9DB-763B8440CD45}.Debug|x64.Build.0 = Debug|Any CPU
		{0F342C3B-AA97-43DA-A9DB-763B8440CD45}.Debug|x86.ActiveCfg = Debug|Any CPU
		{0F342C3B-AA97-43DA-A9DB-763B8440CD45}.Debug|x86.Build.0 = Debug|Any CPU
		{0F342C3B-AA97-43DA-A9DB-763B8440CD45}.Release|Any CPU.ActiveCfg = Release|Any CPU
		{0F342C3B-AA97-43DA-A9DB-763B8440CD45}.Release|Any CPU.Build.0 = Release|Any CPU
		{0F342C3B-AA97-43DA-A9DB-763B8440CD45}.Release|x64.ActiveCfg = Release|Any CPU
		{0F342C3B-AA97-43DA-A9DB-763B8440CD45}.Release|x64.Build.0 = Release|Any CPU
		{0F342C3B-AA97-43DA-A9DB-763B8440CD45}.Release|x86.ActiveCfg = Release|Any CPU
		{0F342C3B-AA97-43DA-A9DB-763B8440CD45}.Release|x86.Build.0 = Release|Any CPU
		{FF5C8AFC-05F7-400F-AEB9-321EE6D5FD29}.Debug|Any CPU.ActiveCfg = Debug|Any CPU
		{FF5C8AFC-05F7-400F-AEB9-321EE6D5FD29}.Debug|Any CPU.Build.0 = Debug|Any CPU
		{FF5C8AFC-05F7-400F-AEB9-321EE6D5FD29}.Debug|x64.ActiveCfg = Debug|Any CPU
		{FF5C8AFC-05F7-400F-AEB9-321EE6D5FD29}.Debug|x64.Build.0 = Debug|Any CPU
		{FF5C8AFC-05F7-400F-AEB9-321EE6D5FD29}.Debug|x86.ActiveCfg = Debug|Any CPU
		{FF5C8AFC-05F7-400F-AEB9-321EE6D5FD29}.Debug|x86.Build.0 = Debug|Any CPU
		{FF5C8AFC-05F7-400F-AEB9-321EE6D5FD29}.Release|Any CPU.ActiveCfg = Release|Any CPU
		{FF5C8AFC-05F7-400F-AEB9-321EE6D5FD29}.Release|Any CPU.Build.0 = Release|Any CPU
		{FF5C8AFC-05F7-400F-AEB9-321EE6D5FD29}.Release|x64.ActiveCfg = Release|Any CPU
		{FF5C8AFC-05F7-400F-AEB9-321EE6D5FD29}.Release|x64.Build.0 = Release|Any CPU
		{FF5C8AFC-05F7-400F-AEB9-321EE6D5FD29}.Release|x86.ActiveCfg = Release|Any CPU
		{FF5C8AFC-05F7-400F-AEB9-321EE6D5FD29}.Release|x86.Build.0 = Release|Any CPU
		{BD5CF8AB-D336-4755-AD0B-55C77506ED8E}.Debug|Any CPU.ActiveCfg = Debug|Any CPU
		{BD5CF8AB-D336-4755-AD0B-55C77506ED8E}.Debug|Any CPU.Build.0 = Debug|Any CPU
		{BD5CF8AB-D336-4755-AD0B-55C77506ED8E}.Debug|x64.ActiveCfg = Debug|Any CPU
		{BD5CF8AB-D336-4755-AD0B-55C77506ED8E}.Debug|x64.Build.0 = Debug|Any CPU
		{BD5CF8AB-D336-4755-AD0B-55C77506ED8E}.Debug|x86.ActiveCfg = Debug|Any CPU
		{BD5CF8AB-D336-4755-AD0B-55C77506ED8E}.Debug|x86.Build.0 = Debug|Any CPU
		{BD5CF8AB-D336-4755-AD0B-55C77506ED8E}.Release|Any CPU.ActiveCfg = Release|Any CPU
		{BD5CF8AB-D336-4755-AD0B-55C77506ED8E}.Release|Any CPU.Build.0 = Release|Any CPU
		{BD5CF8AB-D336-4755-AD0B-55C77506ED8E}.Release|x64.ActiveCfg = Release|Any CPU
		{BD5CF8AB-D336-4755-AD0B-55C77506ED8E}.Release|x64.Build.0 = Release|Any CPU
		{BD5CF8AB-D336-4755-AD0B-55C77506ED8E}.Release|x86.ActiveCfg = Release|Any CPU
		{BD5CF8AB-D336-4755-AD0B-55C77506ED8E}.Release|x86.Build.0 = Release|Any CPU
		{876305AD-D38E-4336-9E33-699902961D09}.Debug|Any CPU.ActiveCfg = Debug|Any CPU
		{876305AD-D38E-4336-9E33-699902961D09}.Debug|Any CPU.Build.0 = Debug|Any CPU
		{876305AD-D38E-4336-9E33-699902961D09}.Debug|x64.ActiveCfg = Debug|Any CPU
		{876305AD-D38E-4336-9E33-699902961D09}.Debug|x64.Build.0 = Debug|Any CPU
		{876305AD-D38E-4336-9E33-699902961D09}.Debug|x86.ActiveCfg = Debug|Any CPU
		{876305AD-D38E-4336-9E33-699902961D09}.Debug|x86.Build.0 = Debug|Any CPU
		{876305AD-D38E-4336-9E33-699902961D09}.Release|Any CPU.ActiveCfg = Release|Any CPU
		{876305AD-D38E-4336-9E33-699902961D09}.Release|Any CPU.Build.0 = Release|Any CPU
		{876305AD-D38E-4336-9E33-699902961D09}.Release|x64.ActiveCfg = Release|Any CPU
		{876305AD-D38E-4336-9E33-699902961D09}.Release|x64.Build.0 = Release|Any CPU
		{876305AD-D38E-4336-9E33-699902961D09}.Release|x86.ActiveCfg = Release|Any CPU
		{876305AD-D38E-4336-9E33-699902961D09}.Release|x86.Build.0 = Release|Any CPU
		{9E472A46-D7A7-43A9-97F8-F9B3583A3005}.Debug|Any CPU.ActiveCfg = Debug|Any CPU
		{9E472A46-D7A7-43A9-97F8-F9B3583A3005}.Debug|Any CPU.Build.0 = Debug|Any CPU
		{9E472A46-D7A7-43A9-97F8-F9B3583A3005}.Debug|x64.ActiveCfg = Debug|Any CPU
		{9E472A46-D7A7-43A9-97F8-F9B3583A3005}.Debug|x64.Build.0 = Debug|Any CPU
		{9E472A46-D7A7-43A9-97F8-F9B3583A3005}.Debug|x86.ActiveCfg = Debug|Any CPU
		{9E472A46-D7A7-43A9-97F8-F9B3583A3005}.Debug|x86.Build.0 = Debug|Any CPU
		{9E472A46-D7A7-43A9-97F8-F9B3583A3005}.Release|Any CPU.ActiveCfg = Release|Any CPU
		{9E472A46-D7A7-43A9-97F8-F9B3583A3005}.Release|Any CPU.Build.0 = Release|Any CPU
		{9E472A46-D7A7-43A9-97F8-F9B3583A3005}.Release|x64.ActiveCfg = Release|Any CPU
		{9E472A46-D7A7-43A9-97F8-F9B3583A3005}.Release|x64.Build.0 = Release|Any CPU
		{9E472A46-D7A7-43A9-97F8-F9B3583A3005}.Release|x86.ActiveCfg = Release|Any CPU
		{9E472A46-D7A7-43A9-97F8-F9B3583A3005}.Release|x86.Build.0 = Release|Any CPU
		{C795255F-1B0D-482C-84CF-246862F3DF28}.Debug|Any CPU.ActiveCfg = Debug|Any CPU
		{C795255F-1B0D-482C-84CF-246862F3DF28}.Debug|Any CPU.Build.0 = Debug|Any CPU
		{C795255F-1B0D-482C-84CF-246862F3DF28}.Debug|x64.ActiveCfg = Debug|Any CPU
		{C795255F-1B0D-482C-84CF-246862F3DF28}.Debug|x64.Build.0 = Debug|Any CPU
		{C795255F-1B0D-482C-84CF-246862F3DF28}.Debug|x86.ActiveCfg = Debug|Any CPU
		{C795255F-1B0D-482C-84CF-246862F3DF28}.Debug|x86.Build.0 = Debug|Any CPU
		{C795255F-1B0D-482C-84CF-246862F3DF28}.Release|Any CPU.ActiveCfg = Release|Any CPU
		{C795255F-1B0D-482C-84CF-246862F3DF28}.Release|Any CPU.Build.0 = Release|Any CPU
		{C795255F-1B0D-482C-84CF-246862F3DF28}.Release|x64.ActiveCfg = Release|Any CPU
		{C795255F-1B0D-482C-84CF-246862F3DF28}.Release|x64.Build.0 = Release|Any CPU
		{C795255F-1B0D-482C-84CF-246862F3DF28}.Release|x86.ActiveCfg = Release|Any CPU
		{C795255F-1B0D-482C-84CF-246862F3DF28}.Release|x86.Build.0 = Release|Any CPU
		{E9C150E4-6557-46DE-9619-3B373D0975D4}.Debug|Any CPU.ActiveCfg = Debug|Any CPU
		{E9C150E4-6557-46DE-9619-3B373D0975D4}.Debug|Any CPU.Build.0 = Debug|Any CPU
		{E9C150E4-6557-46DE-9619-3B373D0975D4}.Debug|x64.ActiveCfg = Debug|Any CPU
		{E9C150E4-6557-46DE-9619-3B373D0975D4}.Debug|x64.Build.0 = Debug|Any CPU
		{E9C150E4-6557-46DE-9619-3B373D0975D4}.Debug|x86.ActiveCfg = Debug|Any CPU
		{E9C150E4-6557-46DE-9619-3B373D0975D4}.Debug|x86.Build.0 = Debug|Any CPU
		{E9C150E4-6557-46DE-9619-3B373D0975D4}.Release|Any CPU.ActiveCfg = Release|Any CPU
		{E9C150E4-6557-46DE-9619-3B373D0975D4}.Release|Any CPU.Build.0 = Release|Any CPU
		{E9C150E4-6557-46DE-9619-3B373D0975D4}.Release|x64.ActiveCfg = Release|Any CPU
		{E9C150E4-6557-46DE-9619-3B373D0975D4}.Release|x64.Build.0 = Release|Any CPU
		{E9C150E4-6557-46DE-9619-3B373D0975D4}.Release|x86.ActiveCfg = Release|Any CPU
		{E9C150E4-6557-46DE-9619-3B373D0975D4}.Release|x86.Build.0 = Release|Any CPU
		{8BBE0B61-9DE9-4B37-99BA-C6753CDA9F57}.Debug|Any CPU.ActiveCfg = Debug|Any CPU
		{8BBE0B61-9DE9-4B37-99BA-C6753CDA9F57}.Debug|Any CPU.Build.0 = Debug|Any CPU
		{8BBE0B61-9DE9-4B37-99BA-C6753CDA9F57}.Debug|x64.ActiveCfg = Debug|Any CPU
		{8BBE0B61-9DE9-4B37-99BA-C6753CDA9F57}.Debug|x64.Build.0 = Debug|Any CPU
		{8BBE0B61-9DE9-4B37-99BA-C6753CDA9F57}.Debug|x86.ActiveCfg = Debug|Any CPU
		{8BBE0B61-9DE9-4B37-99BA-C6753CDA9F57}.Debug|x86.Build.0 = Debug|Any CPU
		{8BBE0B61-9DE9-4B37-99BA-C6753CDA9F57}.Release|Any CPU.ActiveCfg = Release|Any CPU
		{8BBE0B61-9DE9-4B37-99BA-C6753CDA9F57}.Release|Any CPU.Build.0 = Release|Any CPU
		{8BBE0B61-9DE9-4B37-99BA-C6753CDA9F57}.Release|x64.ActiveCfg = Release|Any CPU
		{8BBE0B61-9DE9-4B37-99BA-C6753CDA9F57}.Release|x64.Build.0 = Release|Any CPU
		{8BBE0B61-9DE9-4B37-99BA-C6753CDA9F57}.Release|x86.ActiveCfg = Release|Any CPU
		{8BBE0B61-9DE9-4B37-99BA-C6753CDA9F57}.Release|x86.Build.0 = Release|Any CPU
		{3AA16E9E-7AAC-433D-9E2C-688DBCADCA17}.Debug|Any CPU.ActiveCfg = Debug|Any CPU
		{3AA16E9E-7AAC-433D-9E2C-688DBCADCA17}.Debug|Any CPU.Build.0 = Debug|Any CPU
		{3AA16E9E-7AAC-433D-9E2C-688DBCADCA17}.Debug|x64.ActiveCfg = Debug|Any CPU
		{3AA16E9E-7AAC-433D-9E2C-688DBCADCA17}.Debug|x64.Build.0 = Debug|Any CPU
		{3AA16E9E-7AAC-433D-9E2C-688DBCADCA17}.Debug|x86.ActiveCfg = Debug|Any CPU
		{3AA16E9E-7AAC-433D-9E2C-688DBCADCA17}.Debug|x86.Build.0 = Debug|Any CPU
		{3AA16E9E-7AAC-433D-9E2C-688DBCADCA17}.Release|Any CPU.ActiveCfg = Release|Any CPU
		{3AA16E9E-7AAC-433D-9E2C-688DBCADCA17}.Release|Any CPU.Build.0 = Release|Any CPU
		{3AA16E9E-7AAC-433D-9E2C-688DBCADCA17}.Release|x64.ActiveCfg = Release|Any CPU
		{3AA16E9E-7AAC-433D-9E2C-688DBCADCA17}.Release|x64.Build.0 = Release|Any CPU
		{3AA16E9E-7AAC-433D-9E2C-688DBCADCA17}.Release|x86.ActiveCfg = Release|Any CPU
		{3AA16E9E-7AAC-433D-9E2C-688DBCADCA17}.Release|x86.Build.0 = Release|Any CPU
	EndGlobalSection
	GlobalSection(SolutionProperties) = preSolution
		HideSolutionNode = FALSE
	EndGlobalSection
	GlobalSection(NestedProjects) = preSolution
		{0F342C3B-AA97-43DA-A9DB-763B8440CD45} = {827E0CD3-B72D-47B6-A68D-7590B98EB39B}
		{FF5C8AFC-05F7-400F-AEB9-321EE6D5FD29} = {827E0CD3-B72D-47B6-A68D-7590B98EB39B}
		{BD5CF8AB-D336-4755-AD0B-55C77506ED8E} = {827E0CD3-B72D-47B6-A68D-7590B98EB39B}
		{876305AD-D38E-4336-9E33-699902961D09} = {827E0CD3-B72D-47B6-A68D-7590B98EB39B}
		{9E472A46-D7A7-43A9-97F8-F9B3583A3005} = {827E0CD3-B72D-47B6-A68D-7590B98EB39B}
		{C795255F-1B0D-482C-84CF-246862F3DF28} = {827E0CD3-B72D-47B6-A68D-7590B98EB39B}
		{E9C150E4-6557-46DE-9619-3B373D0975D4} = {0AB3BF05-4346-4AA6-1389-037BE0695223}
		{8BBE0B61-9DE9-4B37-99BA-C6753CDA9F57} = {0AB3BF05-4346-4AA6-1389-037BE0695223}
		{3AA16E9E-7AAC-433D-9E2C-688DBCADCA17} = {827E0CD3-B72D-47B6-A68D-7590B98EB39B}
	EndGlobalSection
EndGlobal
